# This file is @generated by PDM.
# It is not intended for manual editing.

[metadata]
groups = ["default"]
strategy = ["inherit_metadata"]
lock_version = "4.5.0"
content_hash = "sha256:6b4fdd470fe54e0423655bec2c49de7812af7951c47cc203c6db4c5b042c7498"

[[metadata.targets]]
requires_python = ">=3.8,<3.13"
